// !$*UTF8*$!
{
	archiveVersion = 1;
	classes = {
	};
	objectVersion = 46;
	objects = {

/* Begin PBXBuildFile section */
		74240FF91E706ED100DA67A4 /* AddEventTests.swift in Sources */ = {isa = PBXBuildFile; fileRef = 74240FF81E706ED100DA67A4 /* AddEventTests.swift */; };
		743C77791E5A1EFE00F8FE2E /* LogoutTests.swift in Sources */ = {isa = PBXBuildFile; fileRef = 743C77781E5A1EFE00F8FE2E /* LogoutTests.swift */; };
		743C77831E5C42B600F8FE2E /* EventListTests.swift in Sources */ = {isa = PBXBuildFile; fileRef = 743C77821E5C42B600F8FE2E /* EventListTests.swift */; };
		743C77851E5C43CB00F8FE2E /* ProfileTests.swift in Sources */ = {isa = PBXBuildFile; fileRef = 743C77841E5C43CB00F8FE2E /* ProfileTests.swift */; };
		7457CC241E708337003B2414 /* EventDetailsTests.swift in Sources */ = {isa = PBXBuildFile; fileRef = 7457CC231E708337003B2414 /* EventDetailsTests.swift */; };
		7457CC261E708AB3003B2414 /* CurrentServicesTests.swift in Sources */ = {isa = PBXBuildFile; fileRef = 7457CC251E708AB3003B2414 /* CurrentServicesTests.swift */; };
		7457CC281E708ABE003B2414 /* AddServicesTests.swift in Sources */ = {isa = PBXBuildFile; fileRef = 7457CC271E708ABE003B2414 /* AddServicesTests.swift */; };
		74670E0B1E594F4600EC0A3F /* LoginTests.swift in Sources */ = {isa = PBXBuildFile; fileRef = 74670E0A1E594F4600EC0A3F /* LoginTests.swift */; };
		749A7B041E5763F200548133 /* EventTests.swift in Sources */ = {isa = PBXBuildFile; fileRef = 749A7B031E5763F200548133 /* EventTests.swift */; };
		749A7B0B1E576CC000548133 /* UserTests.swift in Sources */ = {isa = PBXBuildFile; fileRef = 749A7B0A1E576CC000548133 /* UserTests.swift */; };
		749AB9351E73782200922892 /* Button.swift in Sources */ = {isa = PBXBuildFile; fileRef = 749AB92A1E73782200922892 /* Button.swift */; };
		749AB9361E73782200922892 /* TextField.swift in Sources */ = {isa = PBXBuildFile; fileRef = 749AB92C1E73782200922892 /* TextField.swift */; };
		749AB9371E73782200922892 /* ButtonWithImageView.swift in Sources */ = {isa = PBXBuildFile; fileRef = 749AB92E1E73782200922892 /* ButtonWithImageView.swift */; };
		749AB9381E73782200922892 /* EventPreviewView.swift in Sources */ = {isa = PBXBuildFile; fileRef = 749AB92F1E73782200922892 /* EventPreviewView.swift */; };
		749AB9391E73782200922892 /* HorizontalSeparator.swift in Sources */ = {isa = PBXBuildFile; fileRef = 749AB9301E73782200922892 /* HorizontalSeparator.swift */; };
		749AB93A1E73782200922892 /* ServicePreviewView.swift in Sources */ = {isa = PBXBuildFile; fileRef = 749AB9311E73782200922892 /* ServicePreviewView.swift */; };
		749AB93B1E73782200922892 /* TextFieldWithButtonView.swift in Sources */ = {isa = PBXBuildFile; fileRef = 749AB9321E73782200922892 /* TextFieldWithButtonView.swift */; };
		749AB93C1E73782200922892 /* TextFieldWithImageView.swift in Sources */ = {isa = PBXBuildFile; fileRef = 749AB9331E73782200922892 /* TextFieldWithImageView.swift */; };
		749AB93D1E73782200922892 /* VerticalSeparator.swift in Sources */ = {isa = PBXBuildFile; fileRef = 749AB9341E73782200922892 /* VerticalSeparator.swift */; };
		74A2BA851E6FD2F5002905D4 /* ServiceTests.swift in Sources */ = {isa = PBXBuildFile; fileRef = 74A2BA841E6FD2F4002905D4 /* ServiceTests.swift */; };
		74CEFD8D1E709A0B008D1F6C /* DeleteServicesTests.swift in Sources */ = {isa = PBXBuildFile; fileRef = 74CEFD8C1E709A0B008D1F6C /* DeleteServicesTests.swift */; };
		74D42C551E7323EE00930DA7 /* Event.swift in Sources */ = {isa = PBXBuildFile; fileRef = 74D42C521E7323EE00930DA7 /* Event.swift */; };
		74D42C561E7323EE00930DA7 /* Service.swift in Sources */ = {isa = PBXBuildFile; fileRef = 74D42C531E7323EE00930DA7 /* Service.swift */; };
		74D42C571E7323EE00930DA7 /* User.swift in Sources */ = {isa = PBXBuildFile; fileRef = 74D42C541E7323EE00930DA7 /* User.swift */; };
		74D42C741E73248500930DA7 /* AppDelegate.swift in Sources */ = {isa = PBXBuildFile; fileRef = 74D42C6F1E73248500930DA7 /* AppDelegate.swift */; };
		74D42C751E73248500930DA7 /* Assets.xcassets in Resources */ = {isa = PBXBuildFile; fileRef = 74D42C701E73248500930DA7 /* Assets.xcassets */; };
		74D42C771E73248500930DA7 /* LaunchScreen.storyboard in Resources */ = {isa = PBXBuildFile; fileRef = 74D42C731E73248500930DA7 /* LaunchScreen.storyboard */; };
		74D42C811E7324A600930DA7 /* CGFloatExtensions.swift in Sources */ = {isa = PBXBuildFile; fileRef = 74D42C791E7324A600930DA7 /* CGFloatExtensions.swift */; };
		74D42C821E7324A600930DA7 /* UIColorExtensions.swift in Sources */ = {isa = PBXBuildFile; fileRef = 74D42C7A1E7324A600930DA7 /* UIColorExtensions.swift */; };
		74D42C831E7324A600930DA7 /* UIEdgeInsetsExtensions.swift in Sources */ = {isa = PBXBuildFile; fileRef = 74D42C7B1E7324A600930DA7 /* UIEdgeInsetsExtensions.swift */; };
		74D42C841E7324A600930DA7 /* UILabelExtensions.swift in Sources */ = {isa = PBXBuildFile; fileRef = 74D42C7C1E7324A600930DA7 /* UILabelExtensions.swift */; };
		74D42C851E7324A600930DA7 /* UIStackViewExtensions.swift in Sources */ = {isa = PBXBuildFile; fileRef = 74D42C7D1E7324A600930DA7 /* UIStackViewExtensions.swift */; };
		74D42C861E7324A600930DA7 /* UIViewControllerExtensions.swift in Sources */ = {isa = PBXBuildFile; fileRef = 74D42C7E1E7324A600930DA7 /* UIViewControllerExtensions.swift */; };
		74D42C871E7324A600930DA7 /* UIViewExtensions.swift in Sources */ = {isa = PBXBuildFile; fileRef = 74D42C7F1E7324A600930DA7 /* UIViewExtensions.swift */; };
		74D42C881E7324A600930DA7 /* URLRequestExtensions.swift in Sources */ = {isa = PBXBuildFile; fileRef = 74D42C801E7324A600930DA7 /* URLRequestExtensions.swift */; };
		74D42C9F1E73256400930DA7 /* EventListNavigationController.swift in Sources */ = {isa = PBXBuildFile; fileRef = 74D42C8C1E73256400930DA7 /* EventListNavigationController.swift */; };
		74D42CA01E73256400930DA7 /* AddEventViewController.swift in Sources */ = {isa = PBXBuildFile; fileRef = 74D42C8E1E73256400930DA7 /* AddEventViewController.swift */; };
		74D42CA11E73256400930DA7 /* EventDetailsViewController.swift in Sources */ = {isa = PBXBuildFile; fileRef = 74D42C8F1E73256400930DA7 /* EventDetailsViewController.swift */; };
		74D42CA21E73256400930DA7 /* EventListViewController.swift in Sources */ = {isa = PBXBuildFile; fileRef = 74D42C901E73256400930DA7 /* EventListViewController.swift */; };
		74D42CA31E73256400930DA7 /* AddServicesListViewController.swift in Sources */ = {isa = PBXBuildFile; fileRef = 74D42C931E73256400930DA7 /* AddServicesListViewController.swift */; };
		74D42CA41E73256400930DA7 /* CurrentServicesListViewController.swift in Sources */ = {isa = PBXBuildFile; fileRef = 74D42C941E73256400930DA7 /* CurrentServicesListViewController.swift */; };
		74D42CA51E73256400930DA7 /* ServiceDetailsViewController.swift in Sources */ = {isa = PBXBuildFile; fileRef = 74D42C951E73256400930DA7 /* ServiceDetailsViewController.swift */; };
		74D42CA61E73256400930DA7 /* MainTabBarController.swift in Sources */ = {isa = PBXBuildFile; fileRef = 74D42C971E73256400930DA7 /* MainTabBarController.swift */; };
		74D42CA71E73256400930DA7 /* ProfileNavigationController.swift in Sources */ = {isa = PBXBuildFile; fileRef = 74D42C9A1E73256400930DA7 /* ProfileNavigationController.swift */; };
		74D42CA81E73256400930DA7 /* LoginViewController.swift in Sources */ = {isa = PBXBuildFile; fileRef = 74D42C9C1E73256400930DA7 /* LoginViewController.swift */; };
		74D42CA91E73256400930DA7 /* ProfileViewController.swift in Sources */ = {isa = PBXBuildFile; fileRef = 74D42C9D1E73256400930DA7 /* ProfileViewController.swift */; };
		74D42CAA1E73256400930DA7 /* SplashViewController.swift in Sources */ = {isa = PBXBuildFile; fileRef = 74D42C9E1E73256400930DA7 /* SplashViewController.swift */; };
/* End PBXBuildFile section */

/* Begin PBXContainerItemProxy section */
		74670E051E594EEC00EC0A3F /* PBXContainerItemProxy */ = {
			isa = PBXContainerItemProxy;
			containerPortal = 743BD0711E3BC9B9009CAEAF /* Project object */;
			proxyType = 1;
			remoteGlobalIDString = 743BD0781E3BC9B9009CAEAF;
			remoteInfo = Eventus;
		};
		749A7AFE1E57636800548133 /* PBXContainerItemProxy */ = {
			isa = PBXContainerItemProxy;
			containerPortal = 743BD0711E3BC9B9009CAEAF /* Project object */;
			proxyType = 1;
			remoteGlobalIDString = 743BD0781E3BC9B9009CAEAF;
			remoteInfo = Eventus;
		};
/* End PBXContainerItemProxy section */

/* Begin PBXFileReference section */
		74240FF81E706ED100DA67A4 /* AddEventTests.swift */ = {isa = PBXFileReference; fileEncoding = 4; lastKnownFileType = sourcecode.swift; path = AddEventTests.swift; sourceTree = "<group>"; };
		743BD0791E3BC9BA009CAEAF /* Eventus.app */ = {isa = PBXFileReference; explicitFileType = wrapper.application; includeInIndex = 0; path = Eventus.app; sourceTree = BUILT_PRODUCTS_DIR; };
		743C77781E5A1EFE00F8FE2E /* LogoutTests.swift */ = {isa = PBXFileReference; fileEncoding = 4; lastKnownFileType = sourcecode.swift; path = LogoutTests.swift; sourceTree = "<group>"; };
		743C77821E5C42B600F8FE2E /* EventListTests.swift */ = {isa = PBXFileReference; fileEncoding = 4; lastKnownFileType = sourcecode.swift; path = EventListTests.swift; sourceTree = "<group>"; };
		743C77841E5C43CB00F8FE2E /* ProfileTests.swift */ = {isa = PBXFileReference; fileEncoding = 4; lastKnownFileType = sourcecode.swift; path = ProfileTests.swift; sourceTree = "<group>"; };
		7457CC231E708337003B2414 /* EventDetailsTests.swift */ = {isa = PBXFileReference; fileEncoding = 4; lastKnownFileType = sourcecode.swift; path = EventDetailsTests.swift; sourceTree = "<group>"; };
		7457CC251E708AB3003B2414 /* CurrentServicesTests.swift */ = {isa = PBXFileReference; fileEncoding = 4; lastKnownFileType = sourcecode.swift; path = CurrentServicesTests.swift; sourceTree = "<group>"; };
		7457CC271E708ABE003B2414 /* AddServicesTests.swift */ = {isa = PBXFileReference; fileEncoding = 4; lastKnownFileType = sourcecode.swift; path = AddServicesTests.swift; sourceTree = "<group>"; };
		74670E001E594EEC00EC0A3F /* EventusViewLogicTests.xctest */ = {isa = PBXFileReference; explicitFileType = wrapper.cfbundle; includeInIndex = 0; path = EventusViewLogicTests.xctest; sourceTree = BUILT_PRODUCTS_DIR; };
		74670E041E594EEC00EC0A3F /* Info.plist */ = {isa = PBXFileReference; lastKnownFileType = text.plist.xml; path = Info.plist; sourceTree = "<group>"; };
		74670E0A1E594F4600EC0A3F /* LoginTests.swift */ = {isa = PBXFileReference; fileEncoding = 4; lastKnownFileType = sourcecode.swift; path = LoginTests.swift; sourceTree = "<group>"; };
		749A7AF91E57636800548133 /* EventusUnitTests.xctest */ = {isa = PBXFileReference; explicitFileType = wrapper.cfbundle; includeInIndex = 0; path = EventusUnitTests.xctest; sourceTree = BUILT_PRODUCTS_DIR; };
		749A7AFD1E57636800548133 /* Info.plist */ = {isa = PBXFileReference; lastKnownFileType = text.plist.xml; path = Info.plist; sourceTree = "<group>"; };
		749A7B031E5763F200548133 /* EventTests.swift */ = {isa = PBXFileReference; fileEncoding = 4; lastKnownFileType = sourcecode.swift; path = EventTests.swift; sourceTree = "<group>"; };
		749A7B0A1E576CC000548133 /* UserTests.swift */ = {isa = PBXFileReference; fileEncoding = 4; lastKnownFileType = sourcecode.swift; path = UserTests.swift; sourceTree = "<group>"; };
		749AB92A1E73782200922892 /* Button.swift */ = {isa = PBXFileReference; fileEncoding = 4; lastKnownFileType = sourcecode.swift; path = Button.swift; sourceTree = "<group>"; };
		749AB92C1E73782200922892 /* TextField.swift */ = {isa = PBXFileReference; fileEncoding = 4; lastKnownFileType = sourcecode.swift; path = TextField.swift; sourceTree = "<group>"; };
		749AB92E1E73782200922892 /* ButtonWithImageView.swift */ = {isa = PBXFileReference; fileEncoding = 4; lastKnownFileType = sourcecode.swift; path = ButtonWithImageView.swift; sourceTree = "<group>"; };
		749AB92F1E73782200922892 /* EventPreviewView.swift */ = {isa = PBXFileReference; fileEncoding = 4; lastKnownFileType = sourcecode.swift; path = EventPreviewView.swift; sourceTree = "<group>"; };
		749AB9301E73782200922892 /* HorizontalSeparator.swift */ = {isa = PBXFileReference; fileEncoding = 4; lastKnownFileType = sourcecode.swift; path = HorizontalSeparator.swift; sourceTree = "<group>"; };
		749AB9311E73782200922892 /* ServicePreviewView.swift */ = {isa = PBXFileReference; fileEncoding = 4; lastKnownFileType = sourcecode.swift; path = ServicePreviewView.swift; sourceTree = "<group>"; };
		749AB9321E73782200922892 /* TextFieldWithButtonView.swift */ = {isa = PBXFileReference; fileEncoding = 4; lastKnownFileType = sourcecode.swift; path = TextFieldWithButtonView.swift; sourceTree = "<group>"; };
		749AB9331E73782200922892 /* TextFieldWithImageView.swift */ = {isa = PBXFileReference; fileEncoding = 4; lastKnownFileType = sourcecode.swift; path = TextFieldWithImageView.swift; sourceTree = "<group>"; };
		749AB9341E73782200922892 /* VerticalSeparator.swift */ = {isa = PBXFileReference; fileEncoding = 4; lastKnownFileType = sourcecode.swift; path = VerticalSeparator.swift; sourceTree = "<group>"; };
		74A2BA841E6FD2F4002905D4 /* ServiceTests.swift */ = {isa = PBXFileReference; fileEncoding = 4; lastKnownFileType = sourcecode.swift; path = ServiceTests.swift; sourceTree = "<group>"; };
		74CEFD8C1E709A0B008D1F6C /* DeleteServicesTests.swift */ = {isa = PBXFileReference; fileEncoding = 4; lastKnownFileType = sourcecode.swift; path = DeleteServicesTests.swift; sourceTree = "<group>"; };
		74D42C521E7323EE00930DA7 /* Event.swift */ = {isa = PBXFileReference; fileEncoding = 4; lastKnownFileType = sourcecode.swift; path = Event.swift; sourceTree = "<group>"; };
		74D42C531E7323EE00930DA7 /* Service.swift */ = {isa = PBXFileReference; fileEncoding = 4; lastKnownFileType = sourcecode.swift; path = Service.swift; sourceTree = "<group>"; };
		74D42C541E7323EE00930DA7 /* User.swift */ = {isa = PBXFileReference; fileEncoding = 4; lastKnownFileType = sourcecode.swift; path = User.swift; sourceTree = "<group>"; };
		74D42C6F1E73248500930DA7 /* AppDelegate.swift */ = {isa = PBXFileReference; fileEncoding = 4; lastKnownFileType = sourcecode.swift; path = AppDelegate.swift; sourceTree = "<group>"; };
		74D42C701E73248500930DA7 /* Assets.xcassets */ = {isa = PBXFileReference; lastKnownFileType = folder.assetcatalog; path = Assets.xcassets; sourceTree = "<group>"; };
		74D42C711E73248500930DA7 /* Eventus.entitlements */ = {isa = PBXFileReference; fileEncoding = 4; lastKnownFileType = text.plist.entitlements; path = Eventus.entitlements; sourceTree = "<group>"; };
		74D42C721E73248500930DA7 /* Info.plist */ = {isa = PBXFileReference; fileEncoding = 4; lastKnownFileType = text.plist.xml; path = Info.plist; sourceTree = "<group>"; };
		74D42C731E73248500930DA7 /* LaunchScreen.storyboard */ = {isa = PBXFileReference; fileEncoding = 4; lastKnownFileType = file.storyboard; path = LaunchScreen.storyboard; sourceTree = "<group>"; };
		74D42C791E7324A600930DA7 /* CGFloatExtensions.swift */ = {isa = PBXFileReference; fileEncoding = 4; lastKnownFileType = sourcecode.swift; path = CGFloatExtensions.swift; sourceTree = "<group>"; };
		74D42C7A1E7324A600930DA7 /* UIColorExtensions.swift */ = {isa = PBXFileReference; fileEncoding = 4; lastKnownFileType = sourcecode.swift; path = UIColorExtensions.swift; sourceTree = "<group>"; };
		74D42C7B1E7324A600930DA7 /* UIEdgeInsetsExtensions.swift */ = {isa = PBXFileReference; fileEncoding = 4; lastKnownFileType = sourcecode.swift; path = UIEdgeInsetsExtensions.swift; sourceTree = "<group>"; };
		74D42C7C1E7324A600930DA7 /* UILabelExtensions.swift */ = {isa = PBXFileReference; fileEncoding = 4; lastKnownFileType = sourcecode.swift; path = UILabelExtensions.swift; sourceTree = "<group>"; };
		74D42C7D1E7324A600930DA7 /* UIStackViewExtensions.swift */ = {isa = PBXFileReference; fileEncoding = 4; lastKnownFileType = sourcecode.swift; path = UIStackViewExtensions.swift; sourceTree = "<group>"; };
		74D42C7E1E7324A600930DA7 /* UIViewControllerExtensions.swift */ = {isa = PBXFileReference; fileEncoding = 4; lastKnownFileType = sourcecode.swift; path = UIViewControllerExtensions.swift; sourceTree = "<group>"; };
		74D42C7F1E7324A600930DA7 /* UIViewExtensions.swift */ = {isa = PBXFileReference; fileEncoding = 4; lastKnownFileType = sourcecode.swift; path = UIViewExtensions.swift; sourceTree = "<group>"; };
		74D42C801E7324A600930DA7 /* URLRequestExtensions.swift */ = {isa = PBXFileReference; fileEncoding = 4; lastKnownFileType = sourcecode.swift; path = URLRequestExtensions.swift; sourceTree = "<group>"; };
		74D42C8C1E73256400930DA7 /* EventListNavigationController.swift */ = {isa = PBXFileReference; fileEncoding = 4; lastKnownFileType = sourcecode.swift; path = EventListNavigationController.swift; sourceTree = "<group>"; };
		74D42C8E1E73256400930DA7 /* AddEventViewController.swift */ = {isa = PBXFileReference; fileEncoding = 4; lastKnownFileType = sourcecode.swift; path = AddEventViewController.swift; sourceTree = "<group>"; };
		74D42C8F1E73256400930DA7 /* EventDetailsViewController.swift */ = {isa = PBXFileReference; fileEncoding = 4; lastKnownFileType = sourcecode.swift; path = EventDetailsViewController.swift; sourceTree = "<group>"; };
		74D42C901E73256400930DA7 /* EventListViewController.swift */ = {isa = PBXFileReference; fileEncoding = 4; lastKnownFileType = sourcecode.swift; path = EventListViewController.swift; sourceTree = "<group>"; };
		74D42C931E73256400930DA7 /* AddServicesListViewController.swift */ = {isa = PBXFileReference; fileEncoding = 4; lastKnownFileType = sourcecode.swift; path = AddServicesListViewController.swift; sourceTree = "<group>"; };
		74D42C941E73256400930DA7 /* CurrentServicesListViewController.swift */ = {isa = PBXFileReference; fileEncoding = 4; lastKnownFileType = sourcecode.swift; path = CurrentServicesListViewController.swift; sourceTree = "<group>"; };
		74D42C951E73256400930DA7 /* ServiceDetailsViewController.swift */ = {isa = PBXFileReference; fileEncoding = 4; lastKnownFileType = sourcecode.swift; path = ServiceDetailsViewController.swift; sourceTree = "<group>"; };
		74D42C971E73256400930DA7 /* MainTabBarController.swift */ = {isa = PBXFileReference; fileEncoding = 4; lastKnownFileType = sourcecode.swift; path = MainTabBarController.swift; sourceTree = "<group>"; };
		74D42C9A1E73256400930DA7 /* ProfileNavigationController.swift */ = {isa = PBXFileReference; fileEncoding = 4; lastKnownFileType = sourcecode.swift; path = ProfileNavigationController.swift; sourceTree = "<group>"; };
		74D42C9C1E73256400930DA7 /* LoginViewController.swift */ = {isa = PBXFileReference; fileEncoding = 4; lastKnownFileType = sourcecode.swift; path = LoginViewController.swift; sourceTree = "<group>"; };
		74D42C9D1E73256400930DA7 /* ProfileViewController.swift */ = {isa = PBXFileReference; fileEncoding = 4; lastKnownFileType = sourcecode.swift; path = ProfileViewController.swift; sourceTree = "<group>"; };
		74D42C9E1E73256400930DA7 /* SplashViewController.swift */ = {isa = PBXFileReference; fileEncoding = 4; lastKnownFileType = sourcecode.swift; path = SplashViewController.swift; sourceTree = "<group>"; };
/* End PBXFileReference section */

/* Begin PBXFrameworksBuildPhase section */
		743BD0761E3BC9B9009CAEAF /* Frameworks */ = {
			isa = PBXFrameworksBuildPhase;
			buildActionMask = 2147483647;
			files = (
			);
			runOnlyForDeploymentPostprocessing = 0;
		};
		74670DFD1E594EEC00EC0A3F /* Frameworks */ = {
			isa = PBXFrameworksBuildPhase;
			buildActionMask = 2147483647;
			files = (
			);
			runOnlyForDeploymentPostprocessing = 0;
		};
		749A7AF61E57636800548133 /* Frameworks */ = {
			isa = PBXFrameworksBuildPhase;
			buildActionMask = 2147483647;
			files = (
			);
			runOnlyForDeploymentPostprocessing = 0;
		};
/* End PBXFrameworksBuildPhase section */

/* Begin PBXGroup section */
		743BD0701E3BC9B9009CAEAF = {
			isa = PBXGroup;
			children = (
				743BD07B1E3BC9BA009CAEAF /* Eventus */,
				749A7B071E5767B700548133 /* EventusTests */,
				743BD07A1E3BC9BA009CAEAF /* Products */,
			);
			sourceTree = "<group>";
		};
		743BD07A1E3BC9BA009CAEAF /* Products */ = {
			isa = PBXGroup;
			children = (
				743BD0791E3BC9BA009CAEAF /* Eventus.app */,
				749A7AF91E57636800548133 /* EventusUnitTests.xctest */,
				74670E001E594EEC00EC0A3F /* EventusViewLogicTests.xctest */,
			);
			name = Products;
			sourceTree = "<group>";
		};
		743BD07B1E3BC9BA009CAEAF /* Eventus */ = {
			isa = PBXGroup;
			children = (
				74D42C511E7323EE00930DA7 /* Models */,
				749AB9281E73782200922892 /* Views */,
				74D42C891E73256400930DA7 /* Controllers */,
				74D42C781E7324A600930DA7 /* Extensions */,
				74D42C6E1E73248500930DA7 /* SupportingFiles */,
			);
			path = Eventus;
			sourceTree = "<group>";
		};
		7446EC7F1E73007A00FA3A2A /* ServiceTests */ = {
			isa = PBXGroup;
			children = (
				74CEFD8C1E709A0B008D1F6C /* DeleteServicesTests.swift */,
				7457CC271E708ABE003B2414 /* AddServicesTests.swift */,
				7457CC251E708AB3003B2414 /* CurrentServicesTests.swift */,
			);
			name = ServiceTests;
			sourceTree = "<group>";
		};
		7446EC801E73008D00FA3A2A /* EventTests */ = {
			isa = PBXGroup;
			children = (
				7457CC231E708337003B2414 /* EventDetailsTests.swift */,
				74240FF81E706ED100DA67A4 /* AddEventTests.swift */,
				743C77821E5C42B600F8FE2E /* EventListTests.swift */,
			);
			name = EventTests;
			sourceTree = "<group>";
		};
		7446EC811E73009D00FA3A2A /* UserLifecycleTests */ = {
			isa = PBXGroup;
			children = (
				743C77841E5C43CB00F8FE2E /* ProfileTests.swift */,
				74670E0A1E594F4600EC0A3F /* LoginTests.swift */,
				743C77781E5A1EFE00F8FE2E /* LogoutTests.swift */,
			);
			name = UserLifecycleTests;
			sourceTree = "<group>";
		};
		7446EC831E73024500FA3A2A /* SupportingFiles */ = {
			isa = PBXGroup;
			children = (
				74670E041E594EEC00EC0A3F /* Info.plist */,
			);
			name = SupportingFiles;
			sourceTree = "<group>";
		};
		7446EC841E73025000FA3A2A /* SupportingFiles */ = {
			isa = PBXGroup;
			children = (
				749A7AFD1E57636800548133 /* Info.plist */,
			);
			name = SupportingFiles;
			sourceTree = "<group>";
		};
		74670E011E594EEC00EC0A3F /* EventusViewLogicTests */ = {
			isa = PBXGroup;
			children = (
				7446EC811E73009D00FA3A2A /* UserLifecycleTests */,
				7446EC801E73008D00FA3A2A /* EventTests */,
				7446EC7F1E73007A00FA3A2A /* ServiceTests */,
				7446EC831E73024500FA3A2A /* SupportingFiles */,
			);
			path = EventusViewLogicTests;
			sourceTree = "<group>";
		};
		749A7AFA1E57636800548133 /* EventusUnitTests */ = {
			isa = PBXGroup;
			children = (
				749A7B0A1E576CC000548133 /* UserTests.swift */,
				74A2BA841E6FD2F4002905D4 /* ServiceTests.swift */,
				749A7B031E5763F200548133 /* EventTests.swift */,
				7446EC841E73025000FA3A2A /* SupportingFiles */,
			);
			path = EventusUnitTests;
			sourceTree = "<group>";
		};
		749A7B071E5767B700548133 /* EventusTests */ = {
			isa = PBXGroup;
			children = (
				74670E011E594EEC00EC0A3F /* EventusViewLogicTests */,
				749A7AFA1E57636800548133 /* EventusUnitTests */,
			);
			name = EventusTests;
			sourceTree = "<group>";
		};
		749AB9281E73782200922892 /* Views */ = {
			isa = PBXGroup;
			children = (
				749AB9291E73782200922892 /* UIButtons */,
				749AB92B1E73782200922892 /* UITextFields */,
				749AB92D1E73782200922892 /* UIViews */,
			);
			path = Views;
			sourceTree = "<group>";
		};
		749AB9291E73782200922892 /* UIButtons */ = {
			isa = PBXGroup;
			children = (
				749AB92A1E73782200922892 /* Button.swift */,
			);
			path = UIButtons;
			sourceTree = "<group>";
		};
		749AB92B1E73782200922892 /* UITextFields */ = {
			isa = PBXGroup;
			children = (
				749AB92C1E73782200922892 /* TextField.swift */,
			);
			path = UITextFields;
			sourceTree = "<group>";
		};
		749AB92D1E73782200922892 /* UIViews */ = {
			isa = PBXGroup;
			children = (
				749AB92E1E73782200922892 /* ButtonWithImageView.swift */,
				749AB92F1E73782200922892 /* EventPreviewView.swift */,
				749AB9301E73782200922892 /* HorizontalSeparator.swift */,
				749AB9311E73782200922892 /* ServicePreviewView.swift */,
				749AB9321E73782200922892 /* TextFieldWithButtonView.swift */,
				749AB9331E73782200922892 /* TextFieldWithImageView.swift */,
				749AB9341E73782200922892 /* VerticalSeparator.swift */,
			);
			path = UIViews;
			sourceTree = "<group>";
		};
		74D42C511E7323EE00930DA7 /* Models */ = {
			isa = PBXGroup;
			children = (
				74D42C521E7323EE00930DA7 /* Event.swift */,
				74D42C531E7323EE00930DA7 /* Service.swift */,
				74D42C541E7323EE00930DA7 /* User.swift */,
			);
			path = Models;
			sourceTree = "<group>";
		};
		74D42C6E1E73248500930DA7 /* SupportingFiles */ = {
			isa = PBXGroup;
			children = (
				74D42C6F1E73248500930DA7 /* AppDelegate.swift */,
				74D42C701E73248500930DA7 /* Assets.xcassets */,
				74D42C711E73248500930DA7 /* Eventus.entitlements */,
				74D42C721E73248500930DA7 /* Info.plist */,
				74D42C731E73248500930DA7 /* LaunchScreen.storyboard */,
			);
			path = SupportingFiles;
			sourceTree = "<group>";
		};
		74D42C781E7324A600930DA7 /* Extensions */ = {
			isa = PBXGroup;
			children = (
				74D42C791E7324A600930DA7 /* CGFloatExtensions.swift */,
				74D42C7A1E7324A600930DA7 /* UIColorExtensions.swift */,
				74D42C7B1E7324A600930DA7 /* UIEdgeInsetsExtensions.swift */,
				74D42C7C1E7324A600930DA7 /* UILabelExtensions.swift */,
				74D42C7D1E7324A600930DA7 /* UIStackViewExtensions.swift */,
				74D42C7E1E7324A600930DA7 /* UIViewControllerExtensions.swift */,
				74D42C7F1E7324A600930DA7 /* UIViewExtensions.swift */,
				74D42C801E7324A600930DA7 /* URLRequestExtensions.swift */,
			);
			path = Extensions;
			sourceTree = "<group>";
		};
		74D42C891E73256400930DA7 /* Controllers */ = {
			isa = PBXGroup;
			children = (
				74D42C8A1E73256400930DA7 /* EventControllers */,
				74D42C911E73256400930DA7 /* ServiceControllers */,
				74D42C961E73256400930DA7 /* TabBarControllers */,
				74D42C981E73256400930DA7 /* UserLifeCycleControllers */,
			);
			path = Controllers;
			sourceTree = "<group>";
		};
		74D42C8A1E73256400930DA7 /* EventControllers */ = {
			isa = PBXGroup;
			children = (
				74D42C8B1E73256400930DA7 /* NavigationControllers */,
				74D42C8D1E73256400930DA7 /* ViewControllers */,
			);
			path = EventControllers;
			sourceTree = "<group>";
		};
		74D42C8B1E73256400930DA7 /* NavigationControllers */ = {
			isa = PBXGroup;
			children = (
				74D42C8C1E73256400930DA7 /* EventListNavigationController.swift */,
			);
			path = NavigationControllers;
			sourceTree = "<group>";
		};
		74D42C8D1E73256400930DA7 /* ViewControllers */ = {
			isa = PBXGroup;
			children = (
				74D42C8E1E73256400930DA7 /* AddEventViewController.swift */,
				74D42C8F1E73256400930DA7 /* EventDetailsViewController.swift */,
				74D42C901E73256400930DA7 /* EventListViewController.swift */,
			);
			path = ViewControllers;
			sourceTree = "<group>";
		};
		74D42C911E73256400930DA7 /* ServiceControllers */ = {
			isa = PBXGroup;
			children = (
				74D42C921E73256400930DA7 /* ViewControllers */,
			);
			path = ServiceControllers;
			sourceTree = "<group>";
		};
		74D42C921E73256400930DA7 /* ViewControllers */ = {
			isa = PBXGroup;
			children = (
				74D42C931E73256400930DA7 /* AddServicesListViewController.swift */,
				74D42C941E73256400930DA7 /* CurrentServicesListViewController.swift */,
				74D42C951E73256400930DA7 /* ServiceDetailsViewController.swift */,
			);
			path = ViewControllers;
			sourceTree = "<group>";
		};
		74D42C961E73256400930DA7 /* TabBarControllers */ = {
			isa = PBXGroup;
			children = (
				74D42C971E73256400930DA7 /* MainTabBarController.swift */,
			);
			path = TabBarControllers;
			sourceTree = "<group>";
		};
		74D42C981E73256400930DA7 /* UserLifeCycleControllers */ = {
			isa = PBXGroup;
			children = (
				74D42C991E73256400930DA7 /* NavigationControllers */,
				74D42C9B1E73256400930DA7 /* ViewControllers */,
			);
			path = UserLifeCycleControllers;
			sourceTree = "<group>";
		};
		74D42C991E73256400930DA7 /* NavigationControllers */ = {
			isa = PBXGroup;
			children = (
				74D42C9A1E73256400930DA7 /* ProfileNavigationController.swift */,
			);
			path = NavigationControllers;
			sourceTree = "<group>";
		};
		74D42C9B1E73256400930DA7 /* ViewControllers */ = {
			isa = PBXGroup;
			children = (
				74D42C9C1E73256400930DA7 /* LoginViewController.swift */,
				74D42C9D1E73256400930DA7 /* ProfileViewController.swift */,
				74D42C9E1E73256400930DA7 /* SplashViewController.swift */,
			);
			path = ViewControllers;
			sourceTree = "<group>";
		};
/* End PBXGroup section */

/* Begin PBXNativeTarget section */
		743BD0781E3BC9B9009CAEAF /* Eventus */ = {
			isa = PBXNativeTarget;
			buildConfigurationList = 743BD08B1E3BC9BA009CAEAF /* Build configuration list for PBXNativeTarget "Eventus" */;
			buildPhases = (
				743BD0751E3BC9B9009CAEAF /* Sources */,
				743BD0761E3BC9B9009CAEAF /* Frameworks */,
				743BD0771E3BC9B9009CAEAF /* Resources */,
			);
			buildRules = (
			);
			dependencies = (
			);
			name = Eventus;
			productName = Eventus;
			productReference = 743BD0791E3BC9BA009CAEAF /* Eventus.app */;
			productType = "com.apple.product-type.application";
		};
		74670DFF1E594EEC00EC0A3F /* EventusViewLogicTests */ = {
			isa = PBXNativeTarget;
			buildConfigurationList = 74670E071E594EEC00EC0A3F /* Build configuration list for PBXNativeTarget "EventusViewLogicTests" */;
			buildPhases = (
				74670DFC1E594EEC00EC0A3F /* Sources */,
				74670DFD1E594EEC00EC0A3F /* Frameworks */,
				74670DFE1E594EEC00EC0A3F /* Resources */,
			);
			buildRules = (
			);
			dependencies = (
				74670E061E594EEC00EC0A3F /* PBXTargetDependency */,
			);
			name = EventusViewLogicTests;
			productName = EventusViewLogicTests;
			productReference = 74670E001E594EEC00EC0A3F /* EventusViewLogicTests.xctest */;
			productType = "com.apple.product-type.bundle.ui-testing";
		};
		749A7AF81E57636800548133 /* EventusUnitTests */ = {
			isa = PBXNativeTarget;
			buildConfigurationList = 749A7B021E57636800548133 /* Build configuration list for PBXNativeTarget "EventusUnitTests" */;
			buildPhases = (
				749A7AF51E57636800548133 /* Sources */,
				749A7AF61E57636800548133 /* Frameworks */,
				749A7AF71E57636800548133 /* Resources */,
			);
			buildRules = (
			);
			dependencies = (
				749A7AFF1E57636800548133 /* PBXTargetDependency */,
			);
			name = EventusUnitTests;
			productName = EventusUnitTests;
			productReference = 749A7AF91E57636800548133 /* EventusUnitTests.xctest */;
			productType = "com.apple.product-type.bundle.unit-test";
		};
/* End PBXNativeTarget section */

/* Begin PBXProject section */
		743BD0711E3BC9B9009CAEAF /* Project object */ = {
			isa = PBXProject;
			attributes = {
				LastSwiftUpdateCheck = 0820;
				LastUpgradeCheck = 0820;
				ORGANIZATIONNAME = "Kieran Cairney";
				TargetAttributes = {
					743BD0781E3BC9B9009CAEAF = {
						CreatedOnToolsVersion = 8.2.1;
						DevelopmentTeam = ZW62S74UAN;
						ProvisioningStyle = Automatic;
						SystemCapabilities = {
							com.apple.ApplicationGroups.iOS = {
								enabled = 1;
							};
						};
					};
					74670DFF1E594EEC00EC0A3F = {
						CreatedOnToolsVersion = 8.2.1;
						DevelopmentTeam = ZW62S74UAN;
						ProvisioningStyle = Automatic;
						TestTargetID = 743BD0781E3BC9B9009CAEAF;
					};
					749A7AF81E57636800548133 = {
						CreatedOnToolsVersion = 8.2.1;
						DevelopmentTeam = ZW62S74UAN;
						ProvisioningStyle = Automatic;
						TestTargetID = 743BD0781E3BC9B9009CAEAF;
					};
				};
			};
			buildConfigurationList = 743BD0741E3BC9B9009CAEAF /* Build configuration list for PBXProject "Eventus" */;
			compatibilityVersion = "Xcode 3.2";
			developmentRegion = English;
			hasScannedForEncodings = 0;
			knownRegions = (
				en,
				Base,
			);
			mainGroup = 743BD0701E3BC9B9009CAEAF;
			productRefGroup = 743BD07A1E3BC9BA009CAEAF /* Products */;
			projectDirPath = "";
			projectRoot = "";
			targets = (
				743BD0781E3BC9B9009CAEAF /* Eventus */,
				749A7AF81E57636800548133 /* EventusUnitTests */,
				74670DFF1E594EEC00EC0A3F /* EventusViewLogicTests */,
			);
		};
/* End PBXProject section */

/* Begin PBXResourcesBuildPhase section */
		743BD0771E3BC9B9009CAEAF /* Resources */ = {
			isa = PBXResourcesBuildPhase;
			buildActionMask = 2147483647;
			files = (
				74D42C751E73248500930DA7 /* Assets.xcassets in Resources */,
				74D42C771E73248500930DA7 /* LaunchScreen.storyboard in Resources */,
			);
			runOnlyForDeploymentPostprocessing = 0;
		};
		74670DFE1E594EEC00EC0A3F /* Resources */ = {
			isa = PBXResourcesBuildPhase;
			buildActionMask = 2147483647;
			files = (
			);
			runOnlyForDeploymentPostprocessing = 0;
		};
		749A7AF71E57636800548133 /* Resources */ = {
			isa = PBXResourcesBuildPhase;
			buildActionMask = 2147483647;
			files = (
			);
			runOnlyForDeploymentPostprocessing = 0;
		};
/* End PBXResourcesBuildPhase section */

/* Begin PBXSourcesBuildPhase section */
		743BD0751E3BC9B9009CAEAF /* Sources */ = {
			isa = PBXSourcesBuildPhase;
			buildActionMask = 2147483647;
			files = (
				74D42CA71E73256400930DA7 /* ProfileNavigationController.swift in Sources */,
				74D42CA41E73256400930DA7 /* CurrentServicesListViewController.swift in Sources */,
				749AB9361E73782200922892 /* TextField.swift in Sources */,
				749AB93B1E73782200922892 /* TextFieldWithButtonView.swift in Sources */,
				749AB93C1E73782200922892 /* TextFieldWithImageView.swift in Sources */,
				74D42CA91E73256400930DA7 /* ProfileViewController.swift in Sources */,
				74D42C831E7324A600930DA7 /* UIEdgeInsetsExtensions.swift in Sources */,
				74D42CA31E73256400930DA7 /* AddServicesListViewController.swift in Sources */,
				74D42C551E7323EE00930DA7 /* Event.swift in Sources */,
				74D42C851E7324A600930DA7 /* UIStackViewExtensions.swift in Sources */,
				74D42CA01E73256400930DA7 /* AddEventViewController.swift in Sources */,
				749AB93D1E73782200922892 /* VerticalSeparator.swift in Sources */,
				74D42CA51E73256400930DA7 /* ServiceDetailsViewController.swift in Sources */,
				74D42C861E7324A600930DA7 /* UIViewControllerExtensions.swift in Sources */,
				74D42C841E7324A600930DA7 /* UILabelExtensions.swift in Sources */,
				74D42C561E7323EE00930DA7 /* Service.swift in Sources */,
				74D42C881E7324A600930DA7 /* URLRequestExtensions.swift in Sources */,
				74D42C871E7324A600930DA7 /* UIViewExtensions.swift in Sources */,
				74D42CA11E73256400930DA7 /* EventDetailsViewController.swift in Sources */,
				74D42CA61E73256400930DA7 /* MainTabBarController.swift in Sources */,
				74D42C811E7324A600930DA7 /* CGFloatExtensions.swift in Sources */,
				74D42CA81E73256400930DA7 /* LoginViewController.swift in Sources */,
				749AB9371E73782200922892 /* ButtonWithImageView.swift in Sources */,
				749AB9391E73782200922892 /* HorizontalSeparator.swift in Sources */,
				74D42C821E7324A600930DA7 /* UIColorExtensions.swift in Sources */,
				74D42C9F1E73256400930DA7 /* EventListNavigationController.swift in Sources */,
				749AB93A1E73782200922892 /* ServicePreviewView.swift in Sources */,
				74D42C571E7323EE00930DA7 /* User.swift in Sources */,
				74D42CAA1E73256400930DA7 /* SplashViewController.swift in Sources */,
				749AB9381E73782200922892 /* EventPreviewView.swift in Sources */,
				74D42CA21E73256400930DA7 /* EventListViewController.swift in Sources */,
				74D42C741E73248500930DA7 /* AppDelegate.swift in Sources */,
				749AB9351E73782200922892 /* Button.swift in Sources */,
			);
			runOnlyForDeploymentPostprocessing = 0;
		};
		74670DFC1E594EEC00EC0A3F /* Sources */ = {
			isa = PBXSourcesBuildPhase;
			buildActionMask = 2147483647;
			files = (
				7457CC281E708ABE003B2414 /* AddServicesTests.swift in Sources */,
				743C77791E5A1EFE00F8FE2E /* LogoutTests.swift in Sources */,
				743C77851E5C43CB00F8FE2E /* ProfileTests.swift in Sources */,
				74240FF91E706ED100DA67A4 /* AddEventTests.swift in Sources */,
				743C77831E5C42B600F8FE2E /* EventListTests.swift in Sources */,
				74CEFD8D1E709A0B008D1F6C /* DeleteServicesTests.swift in Sources */,
				7457CC241E708337003B2414 /* EventDetailsTests.swift in Sources */,
				7457CC261E708AB3003B2414 /* CurrentServicesTests.swift in Sources */,
				74670E0B1E594F4600EC0A3F /* LoginTests.swift in Sources */,
			);
			runOnlyForDeploymentPostprocessing = 0;
		};
		749A7AF51E57636800548133 /* Sources */ = {
			isa = PBXSourcesBuildPhase;
			buildActionMask = 2147483647;
			files = (
				749A7B0B1E576CC000548133 /* UserTests.swift in Sources */,
				749A7B041E5763F200548133 /* EventTests.swift in Sources */,
				74A2BA851E6FD2F5002905D4 /* ServiceTests.swift in Sources */,
			);
			runOnlyForDeploymentPostprocessing = 0;
		};
/* End PBXSourcesBuildPhase section */

/* Begin PBXTargetDependency section */
		74670E061E594EEC00EC0A3F /* PBXTargetDependency */ = {
			isa = PBXTargetDependency;
			target = 743BD0781E3BC9B9009CAEAF /* Eventus */;
			targetProxy = 74670E051E594EEC00EC0A3F /* PBXContainerItemProxy */;
		};
		749A7AFF1E57636800548133 /* PBXTargetDependency */ = {
			isa = PBXTargetDependency;
			target = 743BD0781E3BC9B9009CAEAF /* Eventus */;
			targetProxy = 749A7AFE1E57636800548133 /* PBXContainerItemProxy */;
		};
/* End PBXTargetDependency section */

/* Begin XCBuildConfiguration section */
		743BD0891E3BC9BA009CAEAF /* Debug */ = {
			isa = XCBuildConfiguration;
			buildSettings = {
				ALWAYS_SEARCH_USER_PATHS = NO;
				CLANG_ANALYZER_NONNULL = YES;
				CLANG_CXX_LANGUAGE_STANDARD = "gnu++0x";
				CLANG_CXX_LIBRARY = "libc++";
				CLANG_ENABLE_MODULES = YES;
				CLANG_ENABLE_OBJC_ARC = YES;
				CLANG_WARN_BOOL_CONVERSION = YES;
				CLANG_WARN_CONSTANT_CONVERSION = YES;
				CLANG_WARN_DIRECT_OBJC_ISA_USAGE = YES_ERROR;
				CLANG_WARN_DOCUMENTATION_COMMENTS = YES;
				CLANG_WARN_EMPTY_BODY = YES;
				CLANG_WARN_ENUM_CONVERSION = YES;
				CLANG_WARN_INFINITE_RECURSION = YES;
				CLANG_WARN_INT_CONVERSION = YES;
				CLANG_WARN_OBJC_ROOT_CLASS = YES_ERROR;
				CLANG_WARN_SUSPICIOUS_MOVE = YES;
				CLANG_WARN_UNREACHABLE_CODE = YES;
				CLANG_WARN__DUPLICATE_METHOD_MATCH = YES;
				"CODE_SIGN_IDENTITY[sdk=iphoneos*]" = "iPhone Developer";
				COPY_PHASE_STRIP = NO;
				DEBUG_INFORMATION_FORMAT = dwarf;
				ENABLE_STRICT_OBJC_MSGSEND = YES;
				ENABLE_TESTABILITY = YES;
				GCC_C_LANGUAGE_STANDARD = gnu99;
				GCC_DYNAMIC_NO_PIC = NO;
				GCC_NO_COMMON_BLOCKS = YES;
				GCC_OPTIMIZATION_LEVEL = 0;
				GCC_PREPROCESSOR_DEFINITIONS = (
					"DEBUG=1",
					"$(inherited)",
				);
				GCC_WARN_64_TO_32_BIT_CONVERSION = YES;
				GCC_WARN_ABOUT_RETURN_TYPE = YES_ERROR;
				GCC_WARN_UNDECLARED_SELECTOR = YES;
				GCC_WARN_UNINITIALIZED_AUTOS = YES_AGGRESSIVE;
				GCC_WARN_UNUSED_FUNCTION = YES;
				GCC_WARN_UNUSED_VARIABLE = YES;
				IPHONEOS_DEPLOYMENT_TARGET = 10.2;
				MTL_ENABLE_DEBUG_INFO = YES;
				ONLY_ACTIVE_ARCH = YES;
				SDKROOT = iphoneos;
				SWIFT_ACTIVE_COMPILATION_CONDITIONS = DEBUG;
				SWIFT_OPTIMIZATION_LEVEL = "-Onone";
				TARGETED_DEVICE_FAMILY = "1,2";
			};
			name = Debug;
		};
		743BD08A1E3BC9BA009CAEAF /* Release */ = {
			isa = XCBuildConfiguration;
			buildSettings = {
				ALWAYS_SEARCH_USER_PATHS = NO;
				CLANG_ANALYZER_NONNULL = YES;
				CLANG_CXX_LANGUAGE_STANDARD = "gnu++0x";
				CLANG_CXX_LIBRARY = "libc++";
				CLANG_ENABLE_MODULES = YES;
				CLANG_ENABLE_OBJC_ARC = YES;
				CLANG_WARN_BOOL_CONVERSION = YES;
				CLANG_WARN_CONSTANT_CONVERSION = YES;
				CLANG_WARN_DIRECT_OBJC_ISA_USAGE = YES_ERROR;
				CLANG_WARN_DOCUMENTATION_COMMENTS = YES;
				CLANG_WARN_EMPTY_BODY = YES;
				CLANG_WARN_ENUM_CONVERSION = YES;
				CLANG_WARN_INFINITE_RECURSION = YES;
				CLANG_WARN_INT_CONVERSION = YES;
				CLANG_WARN_OBJC_ROOT_CLASS = YES_ERROR;
				CLANG_WARN_SUSPICIOUS_MOVE = YES;
				CLANG_WARN_UNREACHABLE_CODE = YES;
				CLANG_WARN__DUPLICATE_METHOD_MATCH = YES;
				"CODE_SIGN_IDENTITY[sdk=iphoneos*]" = "iPhone Developer";
				COPY_PHASE_STRIP = NO;
				DEBUG_INFORMATION_FORMAT = "dwarf-with-dsym";
				ENABLE_NS_ASSERTIONS = NO;
				ENABLE_STRICT_OBJC_MSGSEND = YES;
				GCC_C_LANGUAGE_STANDARD = gnu99;
				GCC_NO_COMMON_BLOCKS = YES;
				GCC_WARN_64_TO_32_BIT_CONVERSION = YES;
				GCC_WARN_ABOUT_RETURN_TYPE = YES_ERROR;
				GCC_WARN_UNDECLARED_SELECTOR = YES;
				GCC_WARN_UNINITIALIZED_AUTOS = YES_AGGRESSIVE;
				GCC_WARN_UNUSED_FUNCTION = YES;
				GCC_WARN_UNUSED_VARIABLE = YES;
				IPHONEOS_DEPLOYMENT_TARGET = 10.2;
				MTL_ENABLE_DEBUG_INFO = NO;
				SDKROOT = iphoneos;
				SWIFT_OPTIMIZATION_LEVEL = "-Owholemodule";
				TARGETED_DEVICE_FAMILY = "1,2";
				VALIDATE_PRODUCT = YES;
			};
			name = Release;
		};
		743BD08C1E3BC9BA009CAEAF /* Debug */ = {
			isa = XCBuildConfiguration;
			buildSettings = {
				ASSETCATALOG_COMPILER_APPICON_NAME = AppIcon;
				CODE_SIGN_ENTITLEMENTS = Eventus/SupportingFiles/Eventus.entitlements;
				DEVELOPMENT_TEAM = ZW62S74UAN;
				INFOPLIST_FILE = Eventus/SupportingFiles/Info.plist;
				LD_RUNPATH_SEARCH_PATHS = "$(inherited) @executable_path/Frameworks";
				PRODUCT_BUNDLE_IDENTIFIER = kierancairney.Eventus;
				PRODUCT_NAME = "$(TARGET_NAME)";
				SWIFT_VERSION = 3.0;
			};
			name = Debug;
		};
		743BD08D1E3BC9BA009CAEAF /* Release */ = {
			isa = XCBuildConfiguration;
			buildSettings = {
				ASSETCATALOG_COMPILER_APPICON_NAME = AppIcon;
				CODE_SIGN_ENTITLEMENTS = Eventus/SupportingFiles/Eventus.entitlements;
				DEVELOPMENT_TEAM = ZW62S74UAN;
				INFOPLIST_FILE = Eventus/SupportingFiles/Info.plist;
				LD_RUNPATH_SEARCH_PATHS = "$(inherited) @executable_path/Frameworks";
				PRODUCT_BUNDLE_IDENTIFIER = kierancairney.Eventus;
				PRODUCT_NAME = "$(TARGET_NAME)";
				SWIFT_VERSION = 3.0;
			};
			name = Release;
		};
		74670E081E594EEC00EC0A3F /* Debug */ = {
			isa = XCBuildConfiguration;
			buildSettings = {
				DEVELOPMENT_TEAM = ZW62S74UAN;
				INFOPLIST_FILE = EventusViewLogicTests/Info.plist;
				LD_RUNPATH_SEARCH_PATHS = "$(inherited) @executable_path/Frameworks @loader_path/Frameworks";
				PRODUCT_BUNDLE_IDENTIFIER = kierancairney.EventusViewLogicTests;
				PRODUCT_NAME = "$(TARGET_NAME)";
				SWIFT_VERSION = 3.0;
				TEST_TARGET_NAME = Eventus;
			};
			name = Debug;
		};
		74670E091E594EEC00EC0A3F /* Release */ = {
			isa = XCBuildConfiguration;
			buildSettings = {
				DEVELOPMENT_TEAM = ZW62S74UAN;
				INFOPLIST_FILE = EventusViewLogicTests/Info.plist;
				LD_RUNPATH_SEARCH_PATHS = "$(inherited) @executable_path/Frameworks @loader_path/Frameworks";
				PRODUCT_BUNDLE_IDENTIFIER = kierancairney.EventusViewLogicTests;
				PRODUCT_NAME = "$(TARGET_NAME)";
				SWIFT_VERSION = 3.0;
				TEST_TARGET_NAME = Eventus;
			};
			name = Release;
		};
		749A7B001E57636800548133 /* Debug */ = {
			isa = XCBuildConfiguration;
			buildSettings = {
				BUNDLE_LOADER = "$(TEST_HOST)";
				DEVELOPMENT_TEAM = ZW62S74UAN;
				INFOPLIST_FILE = EventusUnitTests/Info.plist;
				LD_RUNPATH_SEARCH_PATHS = "$(inherited) @executable_path/Frameworks @loader_path/Frameworks";
				PRODUCT_BUNDLE_IDENTIFIER = kierancairney.EventusUnitTests;
				PRODUCT_NAME = "$(TARGET_NAME)";
				SWIFT_VERSION = 3.0;
				TEST_HOST = "$(BUILT_PRODUCTS_DIR)/Eventus.app/Eventus";
			};
			name = Debug;
		};
		749A7B011E57636800548133 /* Release */ = {
			isa = XCBuildConfiguration;
			buildSettings = {
				BUNDLE_LOADER = "$(TEST_HOST)";
				DEVELOPMENT_TEAM = ZW62S74UAN;
				INFOPLIST_FILE = EventusUnitTests/Info.plist;
				LD_RUNPATH_SEARCH_PATHS = "$(inherited) @executable_path/Frameworks @loader_path/Frameworks";
				PRODUCT_BUNDLE_IDENTIFIER = kierancairney.EventusUnitTests;
				PRODUCT_NAME = "$(TARGET_NAME)";
				SWIFT_VERSION = 3.0;
				TEST_HOST = "$(BUILT_PRODUCTS_DIR)/Eventus.app/Eventus";
			};
			name = Release;
		};
/* End XCBuildConfiguration section */

/* Begin XCConfigurationList section */
		743BD0741E3BC9B9009CAEAF /* Build configuration list for PBXProject "Eventus" */ = {
			isa = XCConfigurationList;
			buildConfigurations = (
				743BD0891E3BC9BA009CAEAF /* Debug */,
				743BD08A1E3BC9BA009CAEAF /* Release */,
			);
			defaultConfigurationIsVisible = 0;
			defaultConfigurationName = Release;
		};
		743BD08B1E3BC9BA009CAEAF /* Build configuration list for PBXNativeTarget "Eventus" */ = {
			isa = XCConfigurationList;
			buildConfigurations = (
				743BD08C1E3BC9BA009CAEAF /* Debug */,
				743BD08D1E3BC9BA009CAEAF /* Release */,
			);
			defaultConfigurationIsVisible = 0;
			defaultConfigurationName = Release;
		};
		74670E071E594EEC00EC0A3F /* Build configuration list for PBXNativeTarget "EventusViewLogicTests" */ = {
			isa = XCConfigurationList;
			buildConfigurations = (
				74670E081E594EEC00EC0A3F /* Debug */,
				74670E091E594EEC00EC0A3F /* Release */,
			);
			defaultConfigurationIsVisible = 0;
			defaultConfigurationName = Release;
		};
		749A7B021E57636800548133 /* Build configuration list for PBXNativeTarget "EventusUnitTests" */ = {
			isa = XCConfigurationList;
			buildConfigurations = (
				749A7B001E57636800548133 /* Debug */,
				749A7B011E57636800548133 /* Release */,
			);
			defaultConfigurationIsVisible = 0;
			defaultConfigurationName = Release;
		};
/* End XCConfigurationList section */
	};
	rootObject = 743BD0711E3BC9B9009CAEAF /* Project object */;
}
