// !$*UTF8*$!
{
	archiveVersion = 1;
	classes = {
	};
	objectVersion = 46;
	objects = {

/* Begin PBXBuildFile section */
		743BD07D1E3BC9BA009CAEAF /* AppDelegate.swift in Sources */ = {isa = PBXBuildFile; fileRef = 743BD07C1E3BC9BA009CAEAF /* AppDelegate.swift */; };
		743BD0841E3BC9BA009CAEAF /* Assets.xcassets in Resources */ = {isa = PBXBuildFile; fileRef = 743BD0831E3BC9BA009CAEAF /* Assets.xcassets */; };
		74C203E21E3BDD8F00BC6D8D /* UIColorExtensions.swift in Sources */ = {isa = PBXBuildFile; fileRef = 74C203E11E3BDD8F00BC6D8D /* UIColorExtensions.swift */; };
		74C203E91E3BE02600BC6D8D /* UIEdgeInsetsExtensions.swift in Sources */ = {isa = PBXBuildFile; fileRef = 74C203E81E3BE02600BC6D8D /* UIEdgeInsetsExtensions.swift */; };
		74C203EB1E3BE04C00BC6D8D /* CGFloatExtensions.swift in Sources */ = {isa = PBXBuildFile; fileRef = 74C203EA1E3BE04C00BC6D8D /* CGFloatExtensions.swift */; };
		74C203ED1E3BE44100BC6D8D /* UIStackViewExtensions.swift in Sources */ = {isa = PBXBuildFile; fileRef = 74C203EC1E3BE44100BC6D8D /* UIStackViewExtensions.swift */; };
		74C203EF1E3BE46B00BC6D8D /* UIViewExtensions.swift in Sources */ = {isa = PBXBuildFile; fileRef = 74C203EE1E3BE46B00BC6D8D /* UIViewExtensions.swift */; };
		74C203F21E3BE5D200BC6D8D /* HorizontalSeparator.swift in Sources */ = {isa = PBXBuildFile; fileRef = 74C203F11E3BE5D200BC6D8D /* HorizontalSeparator.swift */; };
		74C203F41E3BE60A00BC6D8D /* VerticalSeparator.swift in Sources */ = {isa = PBXBuildFile; fileRef = 74C203F31E3BE60A00BC6D8D /* VerticalSeparator.swift */; };
		74C203F61E3FD5BA00BC6D8D /* SplashViewController.swift in Sources */ = {isa = PBXBuildFile; fileRef = 74C203F51E3FD5BA00BC6D8D /* SplashViewController.swift */; };
		74C203F91E3FD6D700BC6D8D /* LoginViewController.swift in Sources */ = {isa = PBXBuildFile; fileRef = 74C203F81E3FD6D700BC6D8D /* LoginViewController.swift */; };
		74C203FB1E4260C000BC6D8D /* EventListViewController.swift in Sources */ = {isa = PBXBuildFile; fileRef = 74C203FA1E4260C000BC6D8D /* EventListViewController.swift */; };
		74C203FD1E42632100BC6D8D /* UILabelExtensions.swift in Sources */ = {isa = PBXBuildFile; fileRef = 74C203FC1E42632100BC6D8D /* UILabelExtensions.swift */; };
		74C204001E4264D500BC6D8D /* TextField.swift in Sources */ = {isa = PBXBuildFile; fileRef = 74C203FF1E4264D500BC6D8D /* TextField.swift */; };
		74C204021E42658800BC6D8D /* TextFieldWithButtonView.swift in Sources */ = {isa = PBXBuildFile; fileRef = 74C204011E42658800BC6D8D /* TextFieldWithButtonView.swift */; };
		74C204051E4265C000BC6D8D /* Button.swift in Sources */ = {isa = PBXBuildFile; fileRef = 74C204041E4265C000BC6D8D /* Button.swift */; };
		74C204071E426A5300BC6D8D /* UIViewControllerExtensions.swift in Sources */ = {isa = PBXBuildFile; fileRef = 74C204061E426A5300BC6D8D /* UIViewControllerExtensions.swift */; };
		74C2040A1E42804A00BC6D8D /* User.swift in Sources */ = {isa = PBXBuildFile; fileRef = 74C204091E42804A00BC6D8D /* User.swift */; };
/* End PBXBuildFile section */

/* Begin PBXFileReference section */
		743BD0791E3BC9BA009CAEAF /* Eventus.app */ = {isa = PBXFileReference; explicitFileType = wrapper.application; includeInIndex = 0; path = Eventus.app; sourceTree = BUILT_PRODUCTS_DIR; };
		743BD07C1E3BC9BA009CAEAF /* AppDelegate.swift */ = {isa = PBXFileReference; lastKnownFileType = sourcecode.swift; path = AppDelegate.swift; sourceTree = "<group>"; };
		743BD0831E3BC9BA009CAEAF /* Assets.xcassets */ = {isa = PBXFileReference; lastKnownFileType = folder.assetcatalog; path = Assets.xcassets; sourceTree = "<group>"; };
		743BD0881E3BC9BA009CAEAF /* Info.plist */ = {isa = PBXFileReference; lastKnownFileType = text.plist.xml; path = Info.plist; sourceTree = "<group>"; };
		74C203E11E3BDD8F00BC6D8D /* UIColorExtensions.swift */ = {isa = PBXFileReference; fileEncoding = 4; lastKnownFileType = sourcecode.swift; path = UIColorExtensions.swift; sourceTree = "<group>"; };
		74C203E81E3BE02600BC6D8D /* UIEdgeInsetsExtensions.swift */ = {isa = PBXFileReference; fileEncoding = 4; lastKnownFileType = sourcecode.swift; path = UIEdgeInsetsExtensions.swift; sourceTree = "<group>"; };
		74C203EA1E3BE04C00BC6D8D /* CGFloatExtensions.swift */ = {isa = PBXFileReference; fileEncoding = 4; lastKnownFileType = sourcecode.swift; path = CGFloatExtensions.swift; sourceTree = "<group>"; };
		74C203EC1E3BE44100BC6D8D /* UIStackViewExtensions.swift */ = {isa = PBXFileReference; fileEncoding = 4; lastKnownFileType = sourcecode.swift; path = UIStackViewExtensions.swift; sourceTree = "<group>"; };
		74C203EE1E3BE46B00BC6D8D /* UIViewExtensions.swift */ = {isa = PBXFileReference; fileEncoding = 4; lastKnownFileType = sourcecode.swift; path = UIViewExtensions.swift; sourceTree = "<group>"; };
		74C203F11E3BE5D200BC6D8D /* HorizontalSeparator.swift */ = {isa = PBXFileReference; fileEncoding = 4; lastKnownFileType = sourcecode.swift; path = HorizontalSeparator.swift; sourceTree = "<group>"; };
		74C203F31E3BE60A00BC6D8D /* VerticalSeparator.swift */ = {isa = PBXFileReference; fileEncoding = 4; lastKnownFileType = sourcecode.swift; path = VerticalSeparator.swift; sourceTree = "<group>"; };
		74C203F51E3FD5BA00BC6D8D /* SplashViewController.swift */ = {isa = PBXFileReference; fileEncoding = 4; lastKnownFileType = sourcecode.swift; path = SplashViewController.swift; sourceTree = "<group>"; };
		74C203F81E3FD6D700BC6D8D /* LoginViewController.swift */ = {isa = PBXFileReference; fileEncoding = 4; lastKnownFileType = sourcecode.swift; path = LoginViewController.swift; sourceTree = "<group>"; };
		74C203FA1E4260C000BC6D8D /* EventListViewController.swift */ = {isa = PBXFileReference; fileEncoding = 4; lastKnownFileType = sourcecode.swift; path = EventListViewController.swift; sourceTree = "<group>"; };
		74C203FC1E42632100BC6D8D /* UILabelExtensions.swift */ = {isa = PBXFileReference; fileEncoding = 4; lastKnownFileType = sourcecode.swift; path = UILabelExtensions.swift; sourceTree = "<group>"; };
		74C203FF1E4264D500BC6D8D /* TextField.swift */ = {isa = PBXFileReference; fileEncoding = 4; lastKnownFileType = sourcecode.swift; path = TextField.swift; sourceTree = "<group>"; };
		74C204011E42658800BC6D8D /* TextFieldWithButtonView.swift */ = {isa = PBXFileReference; fileEncoding = 4; lastKnownFileType = sourcecode.swift; path = TextFieldWithButtonView.swift; sourceTree = "<group>"; };
		74C204041E4265C000BC6D8D /* Button.swift */ = {isa = PBXFileReference; fileEncoding = 4; lastKnownFileType = sourcecode.swift; path = Button.swift; sourceTree = "<group>"; };
		74C204061E426A5300BC6D8D /* UIViewControllerExtensions.swift */ = {isa = PBXFileReference; fileEncoding = 4; lastKnownFileType = sourcecode.swift; path = UIViewControllerExtensions.swift; sourceTree = "<group>"; };
		74C204091E42804A00BC6D8D /* User.swift */ = {isa = PBXFileReference; fileEncoding = 4; lastKnownFileType = sourcecode.swift; path = User.swift; sourceTree = "<group>"; };
/* End PBXFileReference section */

/* Begin PBXFrameworksBuildPhase section */
		743BD0761E3BC9B9009CAEAF /* Frameworks */ = {
			isa = PBXFrameworksBuildPhase;
			buildActionMask = 2147483647;
			files = (
			);
			runOnlyForDeploymentPostprocessing = 0;
		};
/* End PBXFrameworksBuildPhase section */

/* Begin PBXGroup section */
		743BD0701E3BC9B9009CAEAF = {
			isa = PBXGroup;
			children = (
				743BD07B1E3BC9BA009CAEAF /* Eventus */,
				743BD07A1E3BC9BA009CAEAF /* Products */,
			);
			sourceTree = "<group>";
		};
		743BD07A1E3BC9BA009CAEAF /* Products */ = {
			isa = PBXGroup;
			children = (
				743BD0791E3BC9BA009CAEAF /* Eventus.app */,
			);
			name = Products;
			sourceTree = "<group>";
		};
		743BD07B1E3BC9BA009CAEAF /* Eventus */ = {
			isa = PBXGroup;
			children = (
				74C204081E42803F00BC6D8D /* Models */,
				74C203E01E3BDD7000BC6D8D /* Extensions */,
				74C203DF1E3BDD6B00BC6D8D /* Views */,
				74C203DE1E3BDD6200BC6D8D /* View Controllers */,
				743BD07C1E3BC9BA009CAEAF /* AppDelegate.swift */,
				743BD0831E3BC9BA009CAEAF /* Assets.xcassets */,
				743BD0881E3BC9BA009CAEAF /* Info.plist */,
			);
			path = Eventus;
			sourceTree = "<group>";
		};
		74C203DE1E3BDD6200BC6D8D /* View Controllers */ = {
			isa = PBXGroup;
			children = (
				74C203F51E3FD5BA00BC6D8D /* SplashViewController.swift */,
				74C203F81E3FD6D700BC6D8D /* LoginViewController.swift */,
				74C203FA1E4260C000BC6D8D /* EventListViewController.swift */,
			);
			name = "View Controllers";
			sourceTree = "<group>";
		};
		74C203DF1E3BDD6B00BC6D8D /* Views */ = {
			isa = PBXGroup;
			children = (
				74C204031E4265B500BC6D8D /* UIButtons */,
				74C203FE1E4264B400BC6D8D /* UITextFields */,
				74C203F01E3BE5BF00BC6D8D /* UIViews */,
			);
			name = Views;
			sourceTree = "<group>";
		};
		74C203E01E3BDD7000BC6D8D /* Extensions */ = {
			isa = PBXGroup;
			children = (
				74C203E11E3BDD8F00BC6D8D /* UIColorExtensions.swift */,
				74C203E81E3BE02600BC6D8D /* UIEdgeInsetsExtensions.swift */,
				74C203EA1E3BE04C00BC6D8D /* CGFloatExtensions.swift */,
				74C203EC1E3BE44100BC6D8D /* UIStackViewExtensions.swift */,
				74C203EE1E3BE46B00BC6D8D /* UIViewExtensions.swift */,
				74C203FC1E42632100BC6D8D /* UILabelExtensions.swift */,
				74C204061E426A5300BC6D8D /* UIViewControllerExtensions.swift */,
			);
			name = Extensions;
			sourceTree = "<group>";
		};
		74C203F01E3BE5BF00BC6D8D /* UIViews */ = {
			isa = PBXGroup;
			children = (
				74C203F11E3BE5D200BC6D8D /* HorizontalSeparator.swift */,
				74C203F31E3BE60A00BC6D8D /* VerticalSeparator.swift */,
				74C204011E42658800BC6D8D /* TextFieldWithButtonView.swift */,
			);
			name = UIViews;
			sourceTree = "<group>";
		};
		74C203FE1E4264B400BC6D8D /* UITextFields */ = {
			isa = PBXGroup;
			children = (
				74C203FF1E4264D500BC6D8D /* TextField.swift */,
			);
			name = UITextFields;
			sourceTree = "<group>";
		};
		74C204031E4265B500BC6D8D /* UIButtons */ = {
			isa = PBXGroup;
			children = (
				74C204041E4265C000BC6D8D /* Button.swift */,
			);
			name = UIButtons;
			sourceTree = "<group>";
		};
		74C204081E42803F00BC6D8D /* Models */ = {
			isa = PBXGroup;
			children = (
				74C204091E42804A00BC6D8D /* User.swift */,
			);
			name = Models;
			sourceTree = "<group>";
		};
/* End PBXGroup section */

/* Begin PBXNativeTarget section */
		743BD0781E3BC9B9009CAEAF /* Eventus */ = {
			isa = PBXNativeTarget;
			buildConfigurationList = 743BD08B1E3BC9BA009CAEAF /* Build configuration list for PBXNativeTarget "Eventus" */;
			buildPhases = (
				743BD0751E3BC9B9009CAEAF /* Sources */,
				743BD0761E3BC9B9009CAEAF /* Frameworks */,
				743BD0771E3BC9B9009CAEAF /* Resources */,
			);
			buildRules = (
			);
			dependencies = (
			);
			name = Eventus;
			productName = Eventus;
			productReference = 743BD0791E3BC9BA009CAEAF /* Eventus.app */;
			productType = "com.apple.product-type.application";
		};
/* End PBXNativeTarget section */

/* Begin PBXProject section */
		743BD0711E3BC9B9009CAEAF /* Project object */ = {
			isa = PBXProject;
			attributes = {
				LastSwiftUpdateCheck = 0820;
				LastUpgradeCheck = 0820;
				ORGANIZATIONNAME = "Kieran Cairney";
				TargetAttributes = {
					743BD0781E3BC9B9009CAEAF = {
						CreatedOnToolsVersion = 8.2.1;
						DevelopmentTeam = ZW62S74UAN;
						ProvisioningStyle = Automatic;
					};
				};
			};
			buildConfigurationList = 743BD0741E3BC9B9009CAEAF /* Build configuration list for PBXProject "Eventus" */;
			compatibilityVersion = "Xcode 3.2";
			developmentRegion = English;
			hasScannedForEncodings = 0;
			knownRegions = (
				en,
				Base,
			);
			mainGroup = 743BD0701E3BC9B9009CAEAF;
			productRefGroup = 743BD07A1E3BC9BA009CAEAF /* Products */;
			projectDirPath = "";
			projectRoot = "";
			targets = (
				743BD0781E3BC9B9009CAEAF /* Eventus */,
			);
		};
/* End PBXProject section */

/* Begin PBXResourcesBuildPhase section */
		743BD0771E3BC9B9009CAEAF /* Resources */ = {
			isa = PBXResourcesBuildPhase;
			buildActionMask = 2147483647;
			files = (
				743BD0841E3BC9BA009CAEAF /* Assets.xcassets in Resources */,
			);
			runOnlyForDeploymentPostprocessing = 0;
		};
/* End PBXResourcesBuildPhase section */

/* Begin PBXSourcesBuildPhase section */
		743BD0751E3BC9B9009CAEAF /* Sources */ = {
			isa = PBXSourcesBuildPhase;
			buildActionMask = 2147483647;
			files = (
				74C204071E426A5300BC6D8D /* UIViewControllerExtensions.swift in Sources */,
				74C203E91E3BE02600BC6D8D /* UIEdgeInsetsExtensions.swift in Sources */,
				74C203EF1E3BE46B00BC6D8D /* UIViewExtensions.swift in Sources */,
				74C203E21E3BDD8F00BC6D8D /* UIColorExtensions.swift in Sources */,
				74C203F41E3BE60A00BC6D8D /* VerticalSeparator.swift in Sources */,
				74C203FB1E4260C000BC6D8D /* EventListViewController.swift in Sources */,
				74C204001E4264D500BC6D8D /* TextField.swift in Sources */,
				74C2040A1E42804A00BC6D8D /* User.swift in Sources */,
				743BD07D1E3BC9BA009CAEAF /* AppDelegate.swift in Sources */,
				74C203EB1E3BE04C00BC6D8D /* CGFloatExtensions.swift in Sources */,
				74C204021E42658800BC6D8D /* TextFieldWithButtonView.swift in Sources */,
				74C203ED1E3BE44100BC6D8D /* UIStackViewExtensions.swift in Sources */,
				74C204051E4265C000BC6D8D /* Button.swift in Sources */,
				74C203FD1E42632100BC6D8D /* UILabelExtensions.swift in Sources */,
				74C203F61E3FD5BA00BC6D8D /* SplashViewController.swift in Sources */,
				74C203F21E3BE5D200BC6D8D /* HorizontalSeparator.swift in Sources */,
				74C203F91E3FD6D700BC6D8D /* LoginViewController.swift in Sources */,
			);
			runOnlyForDeploymentPostprocessing = 0;
		};
/* End PBXSourcesBuildPhase section */

/* Begin XCBuildConfiguration section */
		743BD0891E3BC9BA009CAEAF /* Debug */ = {
			isa = XCBuildConfiguration;
			buildSettings = {
				ALWAYS_SEARCH_USER_PATHS = NO;
				CLANG_ANALYZER_NONNULL = YES;
				CLANG_CXX_LANGUAGE_STANDARD = "gnu++0x";
				CLANG_CXX_LIBRARY = "libc++";
				CLANG_ENABLE_MODULES = YES;
				CLANG_ENABLE_OBJC_ARC = YES;
				CLANG_WARN_BOOL_CONVERSION = YES;
				CLANG_WARN_CONSTANT_CONVERSION = YES;
				CLANG_WARN_DIRECT_OBJC_ISA_USAGE = YES_ERROR;
				CLANG_WARN_DOCUMENTATION_COMMENTS = YES;
				CLANG_WARN_EMPTY_BODY = YES;
				CLANG_WARN_ENUM_CONVERSION = YES;
				CLANG_WARN_INFINITE_RECURSION = YES;
				CLANG_WARN_INT_CONVERSION = YES;
				CLANG_WARN_OBJC_ROOT_CLASS = YES_ERROR;
				CLANG_WARN_SUSPICIOUS_MOVE = YES;
				CLANG_WARN_UNREACHABLE_CODE = YES;
				CLANG_WARN__DUPLICATE_METHOD_MATCH = YES;
				"CODE_SIGN_IDENTITY[sdk=iphoneos*]" = "iPhone Developer";
				COPY_PHASE_STRIP = NO;
				DEBUG_INFORMATION_FORMAT = dwarf;
				ENABLE_STRICT_OBJC_MSGSEND = YES;
				ENABLE_TESTABILITY = YES;
				GCC_C_LANGUAGE_STANDARD = gnu99;
				GCC_DYNAMIC_NO_PIC = NO;
				GCC_NO_COMMON_BLOCKS = YES;
				GCC_OPTIMIZATION_LEVEL = 0;
				GCC_PREPROCESSOR_DEFINITIONS = (
					"DEBUG=1",
					"$(inherited)",
				);
				GCC_WARN_64_TO_32_BIT_CONVERSION = YES;
				GCC_WARN_ABOUT_RETURN_TYPE = YES_ERROR;
				GCC_WARN_UNDECLARED_SELECTOR = YES;
				GCC_WARN_UNINITIALIZED_AUTOS = YES_AGGRESSIVE;
				GCC_WARN_UNUSED_FUNCTION = YES;
				GCC_WARN_UNUSED_VARIABLE = YES;
				IPHONEOS_DEPLOYMENT_TARGET = 10.2;
				MTL_ENABLE_DEBUG_INFO = YES;
				ONLY_ACTIVE_ARCH = YES;
				SDKROOT = iphoneos;
				SWIFT_ACTIVE_COMPILATION_CONDITIONS = DEBUG;
				SWIFT_OPTIMIZATION_LEVEL = "-Onone";
				TARGETED_DEVICE_FAMILY = "1,2";
			};
			name = Debug;
		};
		743BD08A1E3BC9BA009CAEAF /* Release */ = {
			isa = XCBuildConfiguration;
			buildSettings = {
				ALWAYS_SEARCH_USER_PATHS = NO;
				CLANG_ANALYZER_NONNULL = YES;
				CLANG_CXX_LANGUAGE_STANDARD = "gnu++0x";
				CLANG_CXX_LIBRARY = "libc++";
				CLANG_ENABLE_MODULES = YES;
				CLANG_ENABLE_OBJC_ARC = YES;
				CLANG_WARN_BOOL_CONVERSION = YES;
				CLANG_WARN_CONSTANT_CONVERSION = YES;
				CLANG_WARN_DIRECT_OBJC_ISA_USAGE = YES_ERROR;
				CLANG_WARN_DOCUMENTATION_COMMENTS = YES;
				CLANG_WARN_EMPTY_BODY = YES;
				CLANG_WARN_ENUM_CONVERSION = YES;
				CLANG_WARN_INFINITE_RECURSION = YES;
				CLANG_WARN_INT_CONVERSION = YES;
				CLANG_WARN_OBJC_ROOT_CLASS = YES_ERROR;
				CLANG_WARN_SUSPICIOUS_MOVE = YES;
				CLANG_WARN_UNREACHABLE_CODE = YES;
				CLANG_WARN__DUPLICATE_METHOD_MATCH = YES;
				"CODE_SIGN_IDENTITY[sdk=iphoneos*]" = "iPhone Developer";
				COPY_PHASE_STRIP = NO;
				DEBUG_INFORMATION_FORMAT = "dwarf-with-dsym";
				ENABLE_NS_ASSERTIONS = NO;
				ENABLE_STRICT_OBJC_MSGSEND = YES;
				GCC_C_LANGUAGE_STANDARD = gnu99;
				GCC_NO_COMMON_BLOCKS = YES;
				GCC_WARN_64_TO_32_BIT_CONVERSION = YES;
				GCC_WARN_ABOUT_RETURN_TYPE = YES_ERROR;
				GCC_WARN_UNDECLARED_SELECTOR = YES;
				GCC_WARN_UNINITIALIZED_AUTOS = YES_AGGRESSIVE;
				GCC_WARN_UNUSED_FUNCTION = YES;
				GCC_WARN_UNUSED_VARIABLE = YES;
				IPHONEOS_DEPLOYMENT_TARGET = 10.2;
				MTL_ENABLE_DEBUG_INFO = NO;
				SDKROOT = iphoneos;
				SWIFT_OPTIMIZATION_LEVEL = "-Owholemodule";
				TARGETED_DEVICE_FAMILY = "1,2";
				VALIDATE_PRODUCT = YES;
			};
			name = Release;
		};
		743BD08C1E3BC9BA009CAEAF /* Debug */ = {
			isa = XCBuildConfiguration;
			buildSettings = {
				ASSETCATALOG_COMPILER_APPICON_NAME = AppIcon;
				DEVELOPMENT_TEAM = ZW62S74UAN;
				INFOPLIST_FILE = Eventus/Info.plist;
				LD_RUNPATH_SEARCH_PATHS = "$(inherited) @executable_path/Frameworks";
				PRODUCT_BUNDLE_IDENTIFIER = kierancairney.Eventus;
				PRODUCT_NAME = "$(TARGET_NAME)";
				SWIFT_VERSION = 3.0;
			};
			name = Debug;
		};
		743BD08D1E3BC9BA009CAEAF /* Release */ = {
			isa = XCBuildConfiguration;
			buildSettings = {
				ASSETCATALOG_COMPILER_APPICON_NAME = AppIcon;
				DEVELOPMENT_TEAM = ZW62S74UAN;
				INFOPLIST_FILE = Eventus/Info.plist;
				LD_RUNPATH_SEARCH_PATHS = "$(inherited) @executable_path/Frameworks";
				PRODUCT_BUNDLE_IDENTIFIER = kierancairney.Eventus;
				PRODUCT_NAME = "$(TARGET_NAME)";
				SWIFT_VERSION = 3.0;
			};
			name = Release;
		};
/* End XCBuildConfiguration section */

/* Begin XCConfigurationList section */
		743BD0741E3BC9B9009CAEAF /* Build configuration list for PBXProject "Eventus" */ = {
			isa = XCConfigurationList;
			buildConfigurations = (
				743BD0891E3BC9BA009CAEAF /* Debug */,
				743BD08A1E3BC9BA009CAEAF /* Release */,
			);
			defaultConfigurationIsVisible = 0;
			defaultConfigurationName = Release;
		};
		743BD08B1E3BC9BA009CAEAF /* Build configuration list for PBXNativeTarget "Eventus" */ = {
			isa = XCConfigurationList;
			buildConfigurations = (
				743BD08C1E3BC9BA009CAEAF /* Debug */,
				743BD08D1E3BC9BA009CAEAF /* Release */,
			);
			defaultConfigurationIsVisible = 0;
			defaultConfigurationName = Release;
		};
/* End XCConfigurationList section */
	};
	rootObject = 743BD0711E3BC9B9009CAEAF /* Project object */;
}
